
Microsoft Visual Studio Solution File, Format Version 12.00
# Visual Studio Version 17
VisualStudioVersion = 17.10.35027.167
MinimumVisualStudioVersion = 10.0.40219.1
Project("{FAE04EC0-301F-11D3-BF4B-00C04F79EFBC}") = "EjercicioExcepciones", "EjercicioExcepciones\EjercicioExcepciones.csproj", "{97A6067A-3808-4F2B-866C-8E8EA58F12C6}"
EndProject
Global
	GlobalSection(SolutionConfigurationPlatforms) = preSolution
		Debug|Any CPU = Debug|Any CPU
		Release|Any CPU = Release|Any CPU
	EndGlobalSection
	GlobalSection(ProjectConfigurationPlatforms) = postSolution
		{97A6067A-3808-4F2B-866C-8E8EA58F12C6}.Debug|Any CPU.ActiveCfg = Debug|Any CPU
		{97A6067A-3808-4F2B-866C-8E8EA58F12C6}.Debug|Any CPU.Build.0 = Debug|Any CPU
		{97A6067A-3808-4F2B-866C-8E8EA58F12C6}.Release|Any CPU.ActiveCfg = Release|Any CPU
		{97A6067A-3808-4F2B-866C-8E8EA58F12C6}.Release|Any CPU.Build.0 = Release|Any CPU
	EndGlobalSection
	GlobalSection(SolutionProperties) = preSolution
		HideSolutionNode = FALSE
	EndGlobalSection
	GlobalSection(ExtensibilityGlobals) = postSolution
		SolutionGuid = {242EA41A-C841-428F-8B15-8B2EFC1392EC}
	EndGlobalSection
EndGlobal
